
Microsoft Visual Studio Solution File, Format Version 12.00
# Visual Studio 2013
VisualStudioVersion = 12.0.40629.0
MinimumVisualStudioVersion = 10.0.40219.1
Project("{8BC9CEB8-8B4A-11D0-8D11-00A0C91BC942}") = "BayesianNetwork", "BayesianNetwork.vcxproj", "{C641E2CC-9E2B-4E8A-A23F-A1731CB18E3F}"
EndProject
Project("{2150E333-8FDC-42A3-9474-1A3956D46DE8}") = "Development", "Development", "{8B682F16-8F67-46EC-B75E-4B807F4EEE16}"
EndProject
Project("{2150E333-8FDC-42A3-9474-1A3956D46DE8}") = "Experiment", "Experiment", "{65B8B908-86A1-42A2-BCE8-4DD88A057486}"
EndProject
Project("{2150E333-8FDC-42A3-9474-1A3956D46DE8}") = "Utility", "Utility", "{358E32B5-23BA-4CDC-9F4B-986098A73BE5}"
EndProject
Project("{8BC9CEB8-8B4A-11D0-8D11-00A0C91BC942}") = "SampleBuilder", "Experiment\SampleBuilder\SampleBuilder.vcxproj", "{6D34DCBF-4723-493F-9040-6F2C2BE6EC9C}"
EndProject
Project("{8BC9CEB8-8B4A-11D0-8D11-00A0C91BC942}") = "MutualInfoCalculator", "Experiment\MutualInfoCalculator\MutualInfoCalculator.vcxproj", "{187BC313-D7FD-4723-8419-0FC0DF79AFEF}"
EndProject
Project("{8BC9CEB8-8B4A-11D0-8D11-00A0C91BC942}") = "PreliminaryExperiment", "Experiment\PreliminaryExperiment\PreliminaryExperiment.vcxproj", "{308A42F1-B2E0-4A59-A7FB-5DADE05F0843}"
EndProject
Project("{8BC9CEB8-8B4A-11D0-8D11-00A0C91BC942}") = "MAECalculator", "Experiment\MAECalculator\MAECalculator.vcxproj", "{C57D9CF0-06B5-40D1-BF34-5D50C467117C}"
EndProject
Project("{8BC9CEB8-8B4A-11D0-8D11-00A0C91BC942}") = "GraphInfo", "Utility\GraphInfo\GraphInfo.vcxproj", "{6383548A-7256-4184-AF01-6976274CB258}"
EndProject
Project("{8BC9CEB8-8B4A-11D0-8D11-00A0C91BC942}") = "DiffGraph", "Utility\DiffGraph\DiffGraph.vcxproj", "{2462B6AE-4C1D-4B01-B49B-73DA89878299}"
EndProject
Project("{8BC9CEB8-8B4A-11D0-8D11-00A0C91BC942}") = "ConvertToDot", "Utility\ConvertToDot\ConvertToDot.vcxproj", "{E96973A6-C542-475C-97FF-95259E0581CA}"
EndProject
Global
	GlobalSection(SolutionConfigurationPlatforms) = preSolution
		Debug|Win32 = Debug|Win32
		Debug|x64 = Debug|x64
		Release|Win32 = Release|Win32
		Release|x64 = Release|x64
	EndGlobalSection
	GlobalSection(ProjectConfigurationPlatforms) = postSolution
		{C641E2CC-9E2B-4E8A-A23F-A1731CB18E3F}.Debug|Win32.ActiveCfg = Debug|Win32
		{C641E2CC-9E2B-4E8A-A23F-A1731CB18E3F}.Debug|Win32.Build.0 = Debug|Win32
		{C641E2CC-9E2B-4E8A-A23F-A1731CB18E3F}.Debug|x64.ActiveCfg = Debug|x64
		{C641E2CC-9E2B-4E8A-A23F-A1731CB18E3F}.Release|Win32.ActiveCfg = Release|Win32
		{C641E2CC-9E2B-4E8A-A23F-A1731CB18E3F}.Release|Win32.Build.0 = Release|Win32
		{C641E2CC-9E2B-4E8A-A23F-A1731CB18E3F}.Release|x64.ActiveCfg = Release|x64
		{6D34DCBF-4723-493F-9040-6F2C2BE6EC9C}.Debug|Win32.ActiveCfg = Debug|Win32
		{6D34DCBF-4723-493F-9040-6F2C2BE6EC9C}.Debug|Win32.Build.0 = Debug|Win32
		{6D34DCBF-4723-493F-9040-6F2C2BE6EC9C}.Debug|x64.ActiveCfg = Debug|x64
		{6D34DCBF-4723-493F-9040-6F2C2BE6EC9C}.Debug|x64.Build.0 = Debug|x64
		{6D34DCBF-4723-493F-9040-6F2C2BE6EC9C}.Release|Win32.ActiveCfg = Release|Win32
		{6D34DCBF-4723-493F-9040-6F2C2BE6EC9C}.Release|Win32.Build.0 = Release|Win32
		{6D34DCBF-4723-493F-9040-6F2C2BE6EC9C}.Release|x64.ActiveCfg = Release|x64
		{6D34DCBF-4723-493F-9040-6F2C2BE6EC9C}.Release|x64.Build.0 = Release|x64
		{187BC313-D7FD-4723-8419-0FC0DF79AFEF}.Debug|Win32.ActiveCfg = Debug|Win32
		{187BC313-D7FD-4723-8419-0FC0DF79AFEF}.Debug|Win32.Build.0 = Debug|Win32
		{187BC313-D7FD-4723-8419-0FC0DF79AFEF}.Debug|x64.ActiveCfg = Debug|x64
		{187BC313-D7FD-4723-8419-0FC0DF79AFEF}.Debug|x64.Build.0 = Debug|x64
		{187BC313-D7FD-4723-8419-0FC0DF79AFEF}.Release|Win32.ActiveCfg = Release|Win32
		{187BC313-D7FD-4723-8419-0FC0DF79AFEF}.Release|Win32.Build.0 = Release|Win32
		{187BC313-D7FD-4723-8419-0FC0DF79AFEF}.Release|x64.ActiveCfg = Release|x64
		{187BC313-D7FD-4723-8419-0FC0DF79AFEF}.Release|x64.Build.0 = Release|x64
		{308A42F1-B2E0-4A59-A7FB-5DADE05F0843}.Debug|Win32.ActiveCfg = Debug|Win32
		{308A42F1-B2E0-4A59-A7FB-5DADE05F0843}.Debug|Win32.Build.0 = Debug|Win32
		{308A42F1-B2E0-4A59-A7FB-5DADE05F0843}.Debug|x64.ActiveCfg = Debug|x64
		{308A42F1-B2E0-4A59-A7FB-5DADE05F0843}.Debug|x64.Build.0 = Debug|x64
		{308A42F1-B2E0-4A59-A7FB-5DADE05F0843}.Release|Win32.ActiveCfg = Release|Win32
		{308A42F1-B2E0-4A59-A7FB-5DADE05F0843}.Release|Win32.Build.0 = Release|Win32
		{308A42F1-B2E0-4A59-A7FB-5DADE05F0843}.Release|x64.ActiveCfg = Release|x64
		{308A42F1-B2E0-4A59-A7FB-5DADE05F0843}.Release|x64.Build.0 = Release|x64
		{C57D9CF0-06B5-40D1-BF34-5D50C467117C}.Debug|Win32.ActiveCfg = Debug|Win32
		{C57D9CF0-06B5-40D1-BF34-5D50C467117C}.Debug|Win32.Build.0 = Debug|Win32
		{C57D9CF0-06B5-40D1-BF34-5D50C467117C}.Debug|x64.ActiveCfg = Debug|x64
		{C57D9CF0-06B5-40D1-BF34-5D50C467117C}.Debug|x64.Build.0 = Debug|x64
		{C57D9CF0-06B5-40D1-BF34-5D50C467117C}.Release|Win32.ActiveCfg = Release|Win32
		{C57D9CF0-06B5-40D1-BF34-5D50C467117C}.Release|Win32.Build.0 = Release|Win32
		{C57D9CF0-06B5-40D1-BF34-5D50C467117C}.Release|x64.ActiveCfg = Release|x64
		{C57D9CF0-06B5-40D1-BF34-5D50C467117C}.Release|x64.Build.0 = Release|x64
		{6383548A-7256-4184-AF01-6976274CB258}.Debug|Win32.ActiveCfg = Debug|Win32
		{6383548A-7256-4184-AF01-6976274CB258}.Debug|Win32.Build.0 = Debug|Win32
		{6383548A-7256-4184-AF01-6976274CB258}.Debug|x64.ActiveCfg = Debug|x64
		{6383548A-7256-4184-AF01-6976274CB258}.Debug|x64.Build.0 = Debug|x64
		{6383548A-7256-4184-AF01-6976274CB258}.Release|Win32.ActiveCfg = Release|Win32
		{6383548A-7256-4184-AF01-6976274CB258}.Release|Win32.Build.0 = Release|Win32
		{6383548A-7256-4184-AF01-6976274CB258}.Release|x64.ActiveCfg = Release|x64
		{6383548A-7256-4184-AF01-6976274CB258}.Release|x64.Build.0 = Release|x64
		{2462B6AE-4C1D-4B01-B49B-73DA89878299}.Debug|Win32.ActiveCfg = Debug|Win32
		{2462B6AE-4C1D-4B01-B49B-73DA89878299}.Debug|Win32.Build.0 = Debug|Win32
		{2462B6AE-4C1D-4B01-B49B-73DA89878299}.Debug|x64.ActiveCfg = Debug|x64
		{2462B6AE-4C1D-4B01-B49B-73DA89878299}.Debug|x64.Build.0 = Debug|x64
		{2462B6AE-4C1D-4B01-B49B-73DA89878299}.Release|Win32.ActiveCfg = Release|Win32
		{2462B6AE-4C1D-4B01-B49B-73DA89878299}.Release|Win32.Build.0 = Release|Win32
		{2462B6AE-4C1D-4B01-B49B-73DA89878299}.Release|x64.ActiveCfg = Release|x64
		{2462B6AE-4C1D-4B01-B49B-73DA89878299}.Release|x64.Build.0 = Release|x64
		{E96973A6-C542-475C-97FF-95259E0581CA}.Debug|Win32.ActiveCfg = Debug|Win32
		{E96973A6-C542-475C-97FF-95259E0581CA}.Debug|Win32.Build.0 = Debug|Win32
		{E96973A6-C542-475C-97FF-95259E0581CA}.Debug|x64.ActiveCfg = Debug|x64
		{E96973A6-C542-475C-97FF-95259E0581CA}.Debug|x64.Build.0 = Debug|x64
		{E96973A6-C542-475C-97FF-95259E0581CA}.Release|Win32.ActiveCfg = Release|Win32
		{E96973A6-C542-475C-97FF-95259E0581CA}.Release|Win32.Build.0 = Release|Win32
		{E96973A6-C542-475C-97FF-95259E0581CA}.Release|x64.ActiveCfg = Release|x64
		{E96973A6-C542-475C-97FF-95259E0581CA}.Release|x64.Build.0 = Release|x64
	EndGlobalSection
	GlobalSection(SolutionProperties) = preSolution
		HideSolutionNode = FALSE
	EndGlobalSection
	GlobalSection(NestedProjects) = preSolution
		{C641E2CC-9E2B-4E8A-A23F-A1731CB18E3F} = {8B682F16-8F67-46EC-B75E-4B807F4EEE16}
		{6D34DCBF-4723-493F-9040-6F2C2BE6EC9C} = {65B8B908-86A1-42A2-BCE8-4DD88A057486}
		{187BC313-D7FD-4723-8419-0FC0DF79AFEF} = {65B8B908-86A1-42A2-BCE8-4DD88A057486}
		{308A42F1-B2E0-4A59-A7FB-5DADE05F0843} = {65B8B908-86A1-42A2-BCE8-4DD88A057486}
		{C57D9CF0-06B5-40D1-BF34-5D50C467117C} = {65B8B908-86A1-42A2-BCE8-4DD88A057486}
		{6383548A-7256-4184-AF01-6976274CB258} = {358E32B5-23BA-4CDC-9F4B-986098A73BE5}
		{2462B6AE-4C1D-4B01-B49B-73DA89878299} = {358E32B5-23BA-4CDC-9F4B-986098A73BE5}
		{E96973A6-C542-475C-97FF-95259E0581CA} = {358E32B5-23BA-4CDC-9F4B-986098A73BE5}
	EndGlobalSection
EndGlobal
